
Microsoft Visual Studio Solution File, Format Version 12.00
# Visual Studio Version 17
VisualStudioVersion = 17.14.36221.1 d17.14
MinimumVisualStudioVersion = 10.0.40219.1
Project("{FAE04EC0-301F-11D3-BF4B-00C04F79EFBC}") = "WaterFlex", "WaterFlex\WaterFlex.csproj", "{2709B056-B342-4345-822C-868DD1776061}"
EndProject
Global
	GlobalSection(SolutionConfigurationPlatforms) = preSolution
		Debug|Any CPU = Debug|Any CPU
		Release|Any CPU = Release|Any CPU
	EndGlobalSection
	GlobalSection(ProjectConfigurationPlatforms) = postSolution
		{2709B056-B342-4345-822C-868DD1776061}.Debug|Any CPU.ActiveCfg = Debug|Any CPU
		{2709B056-B342-4345-822C-868DD1776061}.Debug|Any CPU.Build.0 = Debug|Any CPU
		{2709B056-B342-4345-822C-868DD1776061}.Release|Any CPU.ActiveCfg = Release|Any CPU
		{2709B056-B342-4345-822C-868DD1776061}.Release|Any CPU.Build.0 = Release|Any CPU
	EndGlobalSection
	GlobalSection(SolutionProperties) = preSolution
		HideSolutionNode = FALSE
	EndGlobalSection
	GlobalSection(ExtensibilityGlobals) = postSolution
		SolutionGuid = {62E6BE10-AD01-4F05-837C-866225EB0761}
	EndGlobalSection
EndGlobal
